
Microsoft Visual Studio Solution File, Format Version 12.00
# Visual Studio Version 17
VisualStudioVersion = 17.13.35919.96 d17.13
MinimumVisualStudioVersion = 10.0.40219.1
Project("{FAE04EC0-301F-11D3-BF4B-00C04F79EFBC}") = "AvaloniaTestTables", "AvaloniaTestTables.csproj", "{86AA5060-8E69-CE27-FD84-CF62F6B670EC}"
EndProject
Global
	GlobalSection(SolutionConfigurationPlatforms) = preSolution
		Debug|Any CPU = Debug|Any CPU
		Release|Any CPU = Release|Any CPU
	EndGlobalSection
	GlobalSection(ProjectConfigurationPlatforms) = postSolution
		{86AA5060-8E69-CE27-FD84-CF62F6B670EC}.Debug|Any CPU.ActiveCfg = Debug|Any CPU
		{86AA5060-8E69-CE27-FD84-CF62F6B670EC}.Debug|Any CPU.Build.0 = Debug|Any CPU
		{86AA5060-8E69-CE27-FD84-CF62F6B670EC}.Release|Any CPU.ActiveCfg = Release|Any CPU
		{86AA5060-8E69-CE27-FD84-CF62F6B670EC}.Release|Any CPU.Build.0 = Release|Any CPU
	EndGlobalSection
	GlobalSection(SolutionProperties) = preSolution
		HideSolutionNode = FALSE
	EndGlobalSection
	GlobalSection(ExtensibilityGlobals) = postSolution
		SolutionGuid = {34C10CC6-D2A2-4404-B208-1400750FDB4B}
	EndGlobalSection
EndGlobal
